
Microsoft Visual Studio Solution File, Format Version 12.00
# Visual Studio Version 17
VisualStudioVersion = 17.0.31912.275
MinimumVisualStudioVersion = 10.0.40219.1
Project("{9A19103F-16F7-4668-BE54-9A1E7A4F7556}") = "AdventOfCode2020", "AdventOfCode2020\AdventOfCode2020.csproj", "{0106308C-FE4E-41FC-96CF-6C600AED8679}"
EndProject
Project("{9A19103F-16F7-4668-BE54-9A1E7A4F7556}") = "AdventOfCode2021", "AdventOfCode2021\AdventOfCode2021.csproj", "{563559A2-5B23-41A6-97B0-C47F6EF38CB1}"
EndProject
Project("{FAE04EC0-301F-11D3-BF4B-00C04F79EFBC}") = "AdventOfCodeBenchmark", "AdventOfCodeBenchmark\AdventOfCodeBenchmark.csproj", "{93C381FE-DBEA-4EAE-B07E-329CE45ED6FB}"
EndProject
Global
	GlobalSection(SolutionConfigurationPlatforms) = preSolution
		Debug|Any CPU = Debug|Any CPU
		Release|Any CPU = Release|Any CPU
	EndGlobalSection
	GlobalSection(ProjectConfigurationPlatforms) = postSolution
		{0106308C-FE4E-41FC-96CF-6C600AED8679}.Debug|Any CPU.ActiveCfg = Debug|Any CPU
		{0106308C-FE4E-41FC-96CF-6C600AED8679}.Debug|Any CPU.Build.0 = Debug|Any CPU
		{0106308C-FE4E-41FC-96CF-6C600AED8679}.Release|Any CPU.ActiveCfg = Release|Any CPU
		{0106308C-FE4E-41FC-96CF-6C600AED8679}.Release|Any CPU.Build.0 = Release|Any CPU
		{563559A2-5B23-41A6-97B0-C47F6EF38CB1}.Debug|Any CPU.ActiveCfg = Debug|Any CPU
		{563559A2-5B23-41A6-97B0-C47F6EF38CB1}.Debug|Any CPU.Build.0 = Debug|Any CPU
		{563559A2-5B23-41A6-97B0-C47F6EF38CB1}.Release|Any CPU.ActiveCfg = Release|Any CPU
		{563559A2-5B23-41A6-97B0-C47F6EF38CB1}.Release|Any CPU.Build.0 = Release|Any CPU
		{93C381FE-DBEA-4EAE-B07E-329CE45ED6FB}.Debug|Any CPU.ActiveCfg = Debug|Any CPU
		{93C381FE-DBEA-4EAE-B07E-329CE45ED6FB}.Debug|Any CPU.Build.0 = Debug|Any CPU
		{93C381FE-DBEA-4EAE-B07E-329CE45ED6FB}.Release|Any CPU.ActiveCfg = Release|Any CPU
		{93C381FE-DBEA-4EAE-B07E-329CE45ED6FB}.Release|Any CPU.Build.0 = Release|Any CPU
	EndGlobalSection
	GlobalSection(SolutionProperties) = preSolution
		HideSolutionNode = FALSE
	EndGlobalSection
	GlobalSection(ExtensibilityGlobals) = postSolution
		SolutionGuid = {656A3D73-950C-4F5A-99EF-46CEDF0665CA}
	EndGlobalSection
EndGlobal
